
Microsoft Visual Studio Solution File, Format Version 12.00
# Visual Studio 15
VisualStudioVersion = 15.0.27703.2047
MinimumVisualStudioVersion = 10.0.40219.1
Project("{FAE04EC0-301F-11D3-BF4B-00C04F79EFBC}") = "TemplateWebApiPhucThinh", "TemplateWebApiPhucThinh\TemplateWebApiPhucThinh.csproj", "{32CBB666-8B82-41C0-B9F3-20F02FAA3A13}"
EndProject
Global
	GlobalSection(SolutionConfigurationPlatforms) = preSolution
		Debug|Any CPU = Debug|Any CPU
		Release|Any CPU = Release|Any CPU
	EndGlobalSection
	GlobalSection(ProjectConfigurationPlatforms) = postSolution
		{32CBB666-8B82-41C0-B9F3-20F02FAA3A13}.Debug|Any CPU.ActiveCfg = Debug|Any CPU
		{32CBB666-8B82-41C0-B9F3-20F02FAA3A13}.Debug|Any CPU.Build.0 = Debug|Any CPU
		{32CBB666-8B82-41C0-B9F3-20F02FAA3A13}.Release|Any CPU.ActiveCfg = Release|Any CPU
		{32CBB666-8B82-41C0-B9F3-20F02FAA3A13}.Release|Any CPU.Build.0 = Release|Any CPU
	EndGlobalSection
	GlobalSection(SolutionProperties) = preSolution
		HideSolutionNode = FALSE
	EndGlobalSection
	GlobalSection(ExtensibilityGlobals) = postSolution
		SolutionGuid = {E425C90C-5A9F-4FAD-84A7-81B084A44E64}
	EndGlobalSection
EndGlobal
